
Microsoft Visual Studio Solution File, Format Version 12.00
# Visual Studio Version 16
VisualStudioVersion = 16.0.30717.126
MinimumVisualStudioVersion = 10.0.40219.1
Project("{9A19103F-16F7-4668-BE54-9A1E7A4F7556}") = "WordFinder", "WordFinder\WordFinder.csproj", "{AEE43722-85E9-4CCB-B4A3-4D826420AE56}"
EndProject
Project("{FAE04EC0-301F-11D3-BF4B-00C04F79EFBC}") = "WordFinder.Core", "WordFinder.Core\WordFinder.Core.csproj", "{6E582326-DAA8-4334-B44F-461D3D28F7B3}"
EndProject
Global
	GlobalSection(SolutionConfigurationPlatforms) = preSolution
		Debug|Any CPU = Debug|Any CPU
		Release|Any CPU = Release|Any CPU
	EndGlobalSection
	GlobalSection(ProjectConfigurationPlatforms) = postSolution
		{AEE43722-85E9-4CCB-B4A3-4D826420AE56}.Debug|Any CPU.ActiveCfg = Debug|Any CPU
		{AEE43722-85E9-4CCB-B4A3-4D826420AE56}.Debug|Any CPU.Build.0 = Debug|Any CPU
		{AEE43722-85E9-4CCB-B4A3-4D826420AE56}.Release|Any CPU.ActiveCfg = Release|Any CPU
		{AEE43722-85E9-4CCB-B4A3-4D826420AE56}.Release|Any CPU.Build.0 = Release|Any CPU
		{6E582326-DAA8-4334-B44F-461D3D28F7B3}.Debug|Any CPU.ActiveCfg = Debug|Any CPU
		{6E582326-DAA8-4334-B44F-461D3D28F7B3}.Debug|Any CPU.Build.0 = Debug|Any CPU
		{6E582326-DAA8-4334-B44F-461D3D28F7B3}.Release|Any CPU.ActiveCfg = Release|Any CPU
		{6E582326-DAA8-4334-B44F-461D3D28F7B3}.Release|Any CPU.Build.0 = Release|Any CPU
	EndGlobalSection
	GlobalSection(SolutionProperties) = preSolution
		HideSolutionNode = FALSE
	EndGlobalSection
	GlobalSection(ExtensibilityGlobals) = postSolution
		SolutionGuid = {F52BE7CD-A81E-42DE-B900-A5AFD94BCC0C}
	EndGlobalSection
EndGlobal
